lockfile_version: '1'
generated_at: '2026-05-24T22:45:41.348289+00:00'
apm_version: 0.12.1
dependencies:
- repo_url: yukimemi/renri
  host: github.com
  resolved_commit: 1d5accf8d9e7ac428f5fb3c6e731cf34b722ba7f
  resolved_ref: main
  package_type: apm_package
  deployed_files:
  - .agents/skills/renri
  - .claude/skills/renri
  content_hash: sha256:c80841c07eb2fad50aba38b2fd693977c4e8a790724a698c68e59e2e1d1341f3
